
Microsoft Visual Studio Solution File, Format Version 12.00
# Visual Studio Version 17
VisualStudioVersion = 17.6.33815.320
MinimumVisualStudioVersion = 10.0.40219.1
Project("{2150E333-8FDC-42A3-9474-1A3956D46DE8}") = "Internal", "Internal", "{1DDBC1B1-88EC-4D58-A539-72FBE745E60D}"
EndProject
Project("{2150E333-8FDC-42A3-9474-1A3956D46DE8}") = "Scripts", "Scripts", "{16B0F393-674A-4B6C-91CB-CF687FEFAC83}"
EndProject
Project("{2150E333-8FDC-42A3-9474-1A3956D46DE8}") = "Dlls", "Dlls", "{2DB5898C-1456-4244-BC1E-759428424D9D}"
	ProjectSection(SolutionItems) = preProject
		Dlls\readme.txt = Dlls\readme.txt
	EndProjectSection
EndProject
Project("{2150E333-8FDC-42A3-9474-1A3956D46DE8}") = "Documentation", "Documentation", "{1BCEC9CB-6C72-4AD9-AE5C-8AD7ED65ABDE}"
	ProjectSection(SolutionItems) = preProject
		Documentation\readme.txt = Documentation\readme.txt
	EndProjectSection
EndProject
Project("{2150E333-8FDC-42A3-9474-1A3956D46DE8}") = "Code Analysis", "Code Analysis", "{62123D9F-D9A6-4BA9-A3A4-5B15E6720E24}"
	ProjectSection(SolutionItems) = preProject
		Internal\Code Analysis\qaction-debug.ruleset = Internal\Code Analysis\qaction-debug.ruleset
		Internal\Code Analysis\qaction-release.ruleset = Internal\Code Analysis\qaction-release.ruleset
	EndProjectSection
EndProject
Project("{2150E333-8FDC-42A3-9474-1A3956D46DE8}") = "NimbraVisionBasicCircuitCreation", "NimbraVisionBasicCircuitCreation", "{5C94B4F9-20F9-42AD-8623-C79464020DA6}"
	ProjectSection(SolutionItems) = preProject
		NimbraVisionBasicCircuitCreation.xml = NimbraVisionBasicCircuitCreation.xml
	EndProjectSection
EndProject
Project("{2150E333-8FDC-42A3-9474-1A3956D46DE8}") = "Actions", "Actions", "{2FD53C97-063E-499A-8FD0-1A22AE26E6FE}"
EndProject
Project("{FAE04EC0-301F-11D3-BF4B-00C04F79EFBC}") = "NimbraVisionBasicCircuitCreation", "NimbraVisionScripts_1\NimbraVisionBasicCircuitCreation.csproj", "{ED3BCBC2-CD93-4B27-AE07-AF7CFCF00849}"
EndProject
Project("{2150E333-8FDC-42A3-9474-1A3956D46DE8}") = "NimbraVisionVlanCircuitCreation", "NimbraVisionVlanCircuitCreation", "{A1386AF1-9D01-4BB7-BC62-3A411BDF2E68}"
	ProjectSection(SolutionItems) = preProject
		NimbraVisionVlanCircuitCreation.xml = NimbraVisionVlanCircuitCreation.xml
	EndProjectSection
EndProject
Project("{2150E333-8FDC-42A3-9474-1A3956D46DE8}") = "Actions", "Actions", "{B95D1352-6AB0-4C7A-9326-AF9C132A6F7E}"
EndProject
Project("{FAE04EC0-301F-11D3-BF4B-00C04F79EFBC}") = "NimbraVisionVlanCircuitCreation_1", "NimbraVisionVlanCircuitCreation_1\NimbraVisionVlanCircuitCreation_1.csproj", "{5FF68602-DFC8-427C-A5EB-04CE62056075}"
EndProject
Project("{2150E333-8FDC-42A3-9474-1A3956D46DE8}") = "NimbraVisionJ2000CircuitCreation", "NimbraVisionJ2000CircuitCreation", "{67FA1AA2-A91C-4AC5-A3D5-45EF05642BD2}"
	ProjectSection(SolutionItems) = preProject
		NimbraVisionJ2000CircuitCreation.xml = NimbraVisionJ2000CircuitCreation.xml
	EndProjectSection
EndProject
Project("{2150E333-8FDC-42A3-9474-1A3956D46DE8}") = "Actions", "Actions", "{6DE46F48-FEB6-41B0-A68B-4AF8097FC2D6}"
EndProject
Project("{FAE04EC0-301F-11D3-BF4B-00C04F79EFBC}") = "NimbraVisionJ2000CircuitCreation_1", "NimbraVisionJ2000CircuitCreation_1\NimbraVisionJ2000CircuitCreation_1.csproj", "{6D294687-F4D5-41FE-87A9-A07E7D13AF1D}"
EndProject
Project("{2150E333-8FDC-42A3-9474-1A3956D46DE8}") = "Circuit Creation", "Circuit Creation", "{CD4A5DAF-52E0-41FA-9F6A-D562ACF6BE39}"
	ProjectSection(SolutionItems) = preProject
		Circuit Creation.xml = Circuit Creation.xml
	EndProjectSection
EndProject
Project("{2150E333-8FDC-42A3-9474-1A3956D46DE8}") = "Actions", "Actions", "{2480479F-22EB-4322-A1A8-782865E9EE65}"
EndProject
Project("{FAE04EC0-301F-11D3-BF4B-00C04F79EFBC}") = "Circuit Creation_1", "Circuit Creation_1\Circuit Creation_1.csproj", "{6005B868-4E18-4BE2-8F98-703D02A05B23}"
EndProject
Project("{2150E333-8FDC-42A3-9474-1A3956D46DE8}") = "CircuitDeletion", "CircuitDeletion", "{4DE190CC-4498-4DD4-A7CA-5836BDF20BD4}"
	ProjectSection(SolutionItems) = preProject
		CircuitDeletion.xml = CircuitDeletion.xml
	EndProjectSection
EndProject
Project("{2150E333-8FDC-42A3-9474-1A3956D46DE8}") = "Actions", "Actions", "{DE0830DD-B56D-489F-A3ED-23FE6E154BEB}"
EndProject
Project("{FAE04EC0-301F-11D3-BF4B-00C04F79EFBC}") = "CircuitDeletion_1", "CircuitDeletion_1\CircuitDeletion_1.csproj", "{F0893C5D-23BE-44A6-8D6F-D14D4EEAB052}"
EndProject
Project("{2150E333-8FDC-42A3-9474-1A3956D46DE8}") = "DomInterfaceSelection", "DomInterfaceSelection", "{470D9C66-E474-4A3A-8C4F-E0BE329D531D}"
	ProjectSection(SolutionItems) = preProject
		DomInterfaceSelection.xml = DomInterfaceSelection.xml
	EndProjectSection
EndProject
Project("{2150E333-8FDC-42A3-9474-1A3956D46DE8}") = "Actions", "Actions", "{1DBBA11C-C454-4167-B6D1-617A7C904749}"
EndProject
Project("{FAE04EC0-301F-11D3-BF4B-00C04F79EFBC}") = "DomInterfaceSelection_1", "DomInterfaceSelection_1\DomInterfaceSelection_1.csproj", "{CFDF988E-6488-48D5-8AD7-9C8798025F6D}"
EndProject
Project("{2150E333-8FDC-42A3-9474-1A3956D46DE8}") = "VisionToEdgeOrchestration", "VisionToEdgeOrchestration", "{AACCFC0E-97B7-4624-9594-D3F16DBFCD11}"
	ProjectSection(SolutionItems) = preProject
		VisionToEdgeOrchestration.xml = VisionToEdgeOrchestration.xml
	EndProjectSection
EndProject
Project("{2150E333-8FDC-42A3-9474-1A3956D46DE8}") = "Actions", "Actions", "{0854EAFE-7274-42FD-8400-D15A2DA72540}"
EndProject
Project("{FAE04EC0-301F-11D3-BF4B-00C04F79EFBC}") = "VisionToEdgeOrchestration_1", "VisionToEdgeOrchestration_1\VisionToEdgeOrchestration_1.csproj", "{0E8563B8-224F-4284-B2BE-37E12B8B5CB8}"
EndProject
Project("{2150E333-8FDC-42A3-9474-1A3956D46DE8}") = "NimbraVisionJxsCircuitCreation", "NimbraVisionJxsCircuitCreation", "{92C8C3E7-EA08-49B7-A4EE-82BD1755D0CE}"
	ProjectSection(SolutionItems) = preProject
		NimbraVisionJxsCircuitCreation.xml = NimbraVisionJxsCircuitCreation.xml
	EndProjectSection
EndProject
Project("{2150E333-8FDC-42A3-9474-1A3956D46DE8}") = "Actions", "Actions", "{95A09275-2023-458F-A1A4-5208512B9E3A}"
EndProject
Project("{FAE04EC0-301F-11D3-BF4B-00C04F79EFBC}") = "NimbraVisionJxsCircuitCreation_1", "NimbraVisionJxsCircuitCreation_1\NimbraVisionJxsCircuitCreation_1.csproj", "{D9F8C920-DCF1-4232-9FBF-D51CB54C4611}"
EndProject
Project("{2150E333-8FDC-42A3-9474-1A3956D46DE8}") = "CircuitCreationIntegrationTest", "CircuitCreationIntegrationTest", "{E470DD85-DF43-453D-975C-6CA11C200164}"
	ProjectSection(SolutionItems) = preProject
		CircuitCreationIntegrationTest.xml = CircuitCreationIntegrationTest.xml
	EndProjectSection
EndProject
Project("{2150E333-8FDC-42A3-9474-1A3956D46DE8}") = "Actions", "Actions", "{156BC47D-2895-4F48-82BB-C9ED1C126DE5}"
EndProject
Project("{FAE04EC0-301F-11D3-BF4B-00C04F79EFBC}") = "CircuitCreationIntegrationTest_1", "CircuitCreationIntegrationTest_1\CircuitCreationIntegrationTest_1.csproj", "{8ED358F8-7A5F-4719-9E80-C9B5171D3879}"
EndProject
Project("{2150E333-8FDC-42A3-9474-1A3956D46DE8}") = "Scheduler DOM CRUD", "Scheduler DOM CRUD", "{E5FBC06E-80BC-4F04-9CA7-EC9E04C8F269}"
	ProjectSection(SolutionItems) = preProject
		Scheduler DOM CRUD.xml = Scheduler DOM CRUD.xml
	EndProjectSection
EndProject
Project("{2150E333-8FDC-42A3-9474-1A3956D46DE8}") = "Actions", "Actions", "{C7CC3495-FC10-4A73-ACA8-293B9E64C6BA}"
EndProject
Project("{FAE04EC0-301F-11D3-BF4B-00C04F79EFBC}") = "Scheduler DOM CRUD_1", "Scheduler DOM CRUD_1\Scheduler DOM CRUD_1.csproj", "{FC2EDE2D-37B9-4543-8B8D-339C6A9FCCDB}"
EndProject
Project("{2150E333-8FDC-42A3-9474-1A3956D46DE8}") = "CustomOperator-IgnoreDuplicates", "CustomOperator-IgnoreDuplicates", "{47D67F2D-EC23-4510-92B5-936F688F9421}"
	ProjectSection(SolutionItems) = preProject
		CustomOperator-IgnoreDuplicates.xml = CustomOperator-IgnoreDuplicates.xml
	EndProjectSection
EndProject
Project("{2150E333-8FDC-42A3-9474-1A3956D46DE8}") = "Actions", "Actions", "{18458C2E-4472-4E59-B0FB-E6129F91D262}"
EndProject
Project("{FAE04EC0-301F-11D3-BF4B-00C04F79EFBC}") = "CustomOperator-IgnoreDuplicates_1", "CustomOperator-IgnoreDuplicates_1\CustomOperator-IgnoreDuplicates_1.csproj", "{4DD81BEF-BDDB-42A7-B739-E8EA034BDF16}"
EndProject
Project("{2150E333-8FDC-42A3-9474-1A3956D46DE8}") = "CustomOperator-StringToBoolean", "CustomOperator-StringToBoolean", "{7CD5C0D8-0E30-4DD6-9A24-9DE90F9B828D}"
	ProjectSection(SolutionItems) = preProject
		CustomOperator-StringToBoolean.xml = CustomOperator-StringToBoolean.xml
	EndProjectSection
EndProject
Project("{2150E333-8FDC-42A3-9474-1A3956D46DE8}") = "Actions", "Actions", "{B8FEC4E0-AC66-42CE-A3C3-5A4E45246FAB}"
EndProject
Project("{FAE04EC0-301F-11D3-BF4B-00C04F79EFBC}") = "CustomOperator-StringToBoolean_1", "CustomOperator-StringToBoolean_1\CustomOperator-StringToBoolean_1.csproj", "{E02F93B9-AD15-4E66-A605-C8A0FFFC4A39}"
EndProject
Project("{2150E333-8FDC-42A3-9474-1A3956D46DE8}") = "NimbraVisionSdiSrtCircuitCreation", "NimbraVisionSdiSrtCircuitCreation", "{FAF0F7FD-E774-416C-A682-D1414CF4E878}"
	ProjectSection(SolutionItems) = preProject
		NimbraVisionSdiSrtCircuitCreation.xml = NimbraVisionSdiSrtCircuitCreation.xml
	EndProjectSection
EndProject
Project("{2150E333-8FDC-42A3-9474-1A3956D46DE8}") = "Actions", "Actions", "{65403983-D11D-4DA1-9542-688F5062BD1C}"
EndProject
Project("{FAE04EC0-301F-11D3-BF4B-00C04F79EFBC}") = "NimbraVisionSdiSrtCircuitCreation_1", "NimbraVisionSdiSrtCircuitCreation_1\NimbraVisionSdiSrtCircuitCreation_1.csproj", "{652D99E6-05AB-4D33-B2A2-4711E20FBBB2}"
EndProject
Project("{2150E333-8FDC-42A3-9474-1A3956D46DE8}") = "GQI_Adhoc_NimbraVision_ScheduledCircuits", "GQI_Adhoc_NimbraVision_ScheduledCircuits", "{E2A029F0-7B7D-4AB5-8C84-92EBDC0D31EA}"
	ProjectSection(SolutionItems) = preProject
		GQI_Adhoc_NimbraVision_ScheduledCircuits.xml = GQI_Adhoc_NimbraVision_ScheduledCircuits.xml
	EndProjectSection
EndProject
Project("{2150E333-8FDC-42A3-9474-1A3956D46DE8}") = "Actions", "Actions", "{1895C23B-09D2-40F3-89D6-BA81741C2757}"
EndProject
Project("{FAE04EC0-301F-11D3-BF4B-00C04F79EFBC}") = "GQI_Adhoc_NimbraVision_ScheduledCircuits_1", "GQI_Adhoc_NimbraVision_ScheduledCircuits_1\GQI_Adhoc_NimbraVision_ScheduledCircuits_1.csproj", "{9C479E63-08E0-4546-B246-BB2E69264D19}"
EndProject
Project("{2150E333-8FDC-42A3-9474-1A3956D46DE8}") = "CircuitEdit", "CircuitEdit", "{DD0E1F71-FAD9-4B65-9622-607D54954239}"
	ProjectSection(SolutionItems) = preProject
		CircuitEdit.xml = CircuitEdit.xml
	EndProjectSection
EndProject
Project("{2150E333-8FDC-42A3-9474-1A3956D46DE8}") = "Actions", "Actions", "{53292CAD-62E7-43A7-A607-13A5855F8340}"
EndProject
Project("{FAE04EC0-301F-11D3-BF4B-00C04F79EFBC}") = "CircuitEdit_1", "CircuitEdit_1\CircuitEdit_1.csproj", "{8BA90BD7-DEA3-4E9D-A7C5-6C3ECBBA90D8}"
EndProject
Global
	GlobalSection(SolutionConfigurationPlatforms) = preSolution
		Debug|Any CPU = Debug|Any CPU
		Release|Any CPU = Release|Any CPU
	EndGlobalSection
	GlobalSection(ProjectConfigurationPlatforms) = postSolution
		{ED3BCBC2-CD93-4B27-AE07-AF7CFCF00849}.Debug|Any CPU.ActiveCfg = Debug|Any CPU
		{ED3BCBC2-CD93-4B27-AE07-AF7CFCF00849}.Debug|Any CPU.Build.0 = Debug|Any CPU
		{ED3BCBC2-CD93-4B27-AE07-AF7CFCF00849}.Release|Any CPU.ActiveCfg = Release|Any CPU
		{ED3BCBC2-CD93-4B27-AE07-AF7CFCF00849}.Release|Any CPU.Build.0 = Release|Any CPU
		{5FF68602-DFC8-427C-A5EB-04CE62056075}.Debug|Any CPU.ActiveCfg = Debug|Any CPU
		{5FF68602-DFC8-427C-A5EB-04CE62056075}.Debug|Any CPU.Build.0 = Debug|Any CPU
		{5FF68602-DFC8-427C-A5EB-04CE62056075}.Release|Any CPU.ActiveCfg = Release|Any CPU
		{5FF68602-DFC8-427C-A5EB-04CE62056075}.Release|Any CPU.Build.0 = Release|Any CPU
		{6D294687-F4D5-41FE-87A9-A07E7D13AF1D}.Debug|Any CPU.ActiveCfg = Debug|Any CPU
		{6D294687-F4D5-41FE-87A9-A07E7D13AF1D}.Debug|Any CPU.Build.0 = Debug|Any CPU
		{6D294687-F4D5-41FE-87A9-A07E7D13AF1D}.Release|Any CPU.ActiveCfg = Release|Any CPU
		{6D294687-F4D5-41FE-87A9-A07E7D13AF1D}.Release|Any CPU.Build.0 = Release|Any CPU
		{6005B868-4E18-4BE2-8F98-703D02A05B23}.Debug|Any CPU.ActiveCfg = Debug|Any CPU
		{6005B868-4E18-4BE2-8F98-703D02A05B23}.Debug|Any CPU.Build.0 = Debug|Any CPU
		{6005B868-4E18-4BE2-8F98-703D02A05B23}.Release|Any CPU.ActiveCfg = Release|Any CPU
		{6005B868-4E18-4BE2-8F98-703D02A05B23}.Release|Any CPU.Build.0 = Release|Any CPU
		{F0893C5D-23BE-44A6-8D6F-D14D4EEAB052}.Debug|Any CPU.ActiveCfg = Debug|Any CPU
		{F0893C5D-23BE-44A6-8D6F-D14D4EEAB052}.Debug|Any CPU.Build.0 = Debug|Any CPU
		{F0893C5D-23BE-44A6-8D6F-D14D4EEAB052}.Release|Any CPU.ActiveCfg = Release|Any CPU
		{F0893C5D-23BE-44A6-8D6F-D14D4EEAB052}.Release|Any CPU.Build.0 = Release|Any CPU
		{CFDF988E-6488-48D5-8AD7-9C8798025F6D}.Debug|Any CPU.ActiveCfg = Debug|Any CPU
		{CFDF988E-6488-48D5-8AD7-9C8798025F6D}.Debug|Any CPU.Build.0 = Debug|Any CPU
		{CFDF988E-6488-48D5-8AD7-9C8798025F6D}.Release|Any CPU.ActiveCfg = Release|Any CPU
		{CFDF988E-6488-48D5-8AD7-9C8798025F6D}.Release|Any CPU.Build.0 = Release|Any CPU
		{0E8563B8-224F-4284-B2BE-37E12B8B5CB8}.Debug|Any CPU.ActiveCfg = Debug|Any CPU
		{0E8563B8-224F-4284-B2BE-37E12B8B5CB8}.Debug|Any CPU.Build.0 = Debug|Any CPU
		{0E8563B8-224F-4284-B2BE-37E12B8B5CB8}.Release|Any CPU.ActiveCfg = Release|Any CPU
		{0E8563B8-224F-4284-B2BE-37E12B8B5CB8}.Release|Any CPU.Build.0 = Release|Any CPU
		{D9F8C920-DCF1-4232-9FBF-D51CB54C4611}.Debug|Any CPU.ActiveCfg = Debug|Any CPU
		{D9F8C920-DCF1-4232-9FBF-D51CB54C4611}.Debug|Any CPU.Build.0 = Debug|Any CPU
		{D9F8C920-DCF1-4232-9FBF-D51CB54C4611}.Release|Any CPU.ActiveCfg = Release|Any CPU
		{D9F8C920-DCF1-4232-9FBF-D51CB54C4611}.Release|Any CPU.Build.0 = Release|Any CPU
		{8ED358F8-7A5F-4719-9E80-C9B5171D3879}.Debug|Any CPU.ActiveCfg = Debug|Any CPU
		{8ED358F8-7A5F-4719-9E80-C9B5171D3879}.Debug|Any CPU.Build.0 = Debug|Any CPU
		{8ED358F8-7A5F-4719-9E80-C9B5171D3879}.Release|Any CPU.ActiveCfg = Release|Any CPU
		{8ED358F8-7A5F-4719-9E80-C9B5171D3879}.Release|Any CPU.Build.0 = Release|Any CPU
		{FC2EDE2D-37B9-4543-8B8D-339C6A9FCCDB}.Debug|Any CPU.ActiveCfg = Debug|Any CPU
		{FC2EDE2D-37B9-4543-8B8D-339C6A9FCCDB}.Debug|Any CPU.Build.0 = Debug|Any CPU
		{FC2EDE2D-37B9-4543-8B8D-339C6A9FCCDB}.Release|Any CPU.ActiveCfg = Release|Any CPU
		{FC2EDE2D-37B9-4543-8B8D-339C6A9FCCDB}.Release|Any CPU.Build.0 = Release|Any CPU
		{4DD81BEF-BDDB-42A7-B739-E8EA034BDF16}.Debug|Any CPU.ActiveCfg = Debug|Any CPU
		{4DD81BEF-BDDB-42A7-B739-E8EA034BDF16}.Debug|Any CPU.Build.0 = Debug|Any CPU
		{4DD81BEF-BDDB-42A7-B739-E8EA034BDF16}.Release|Any CPU.ActiveCfg = Release|Any CPU
		{4DD81BEF-BDDB-42A7-B739-E8EA034BDF16}.Release|Any CPU.Build.0 = Release|Any CPU
		{E02F93B9-AD15-4E66-A605-C8A0FFFC4A39}.Debug|Any CPU.ActiveCfg = Debug|Any CPU
		{E02F93B9-AD15-4E66-A605-C8A0FFFC4A39}.Debug|Any CPU.Build.0 = Debug|Any CPU
		{E02F93B9-AD15-4E66-A605-C8A0FFFC4A39}.Release|Any CPU.ActiveCfg = Release|Any CPU
		{E02F93B9-AD15-4E66-A605-C8A0FFFC4A39}.Release|Any CPU.Build.0 = Release|Any CPU
		{652D99E6-05AB-4D33-B2A2-4711E20FBBB2}.Debug|Any CPU.ActiveCfg = Debug|Any CPU
		{652D99E6-05AB-4D33-B2A2-4711E20FBBB2}.Debug|Any CPU.Build.0 = Debug|Any CPU
		{652D99E6-05AB-4D33-B2A2-4711E20FBBB2}.Release|Any CPU.ActiveCfg = Release|Any CPU
		{652D99E6-05AB-4D33-B2A2-4711E20FBBB2}.Release|Any CPU.Build.0 = Release|Any CPU
		{9C479E63-08E0-4546-B246-BB2E69264D19}.Debug|Any CPU.ActiveCfg = Debug|Any CPU
		{9C479E63-08E0-4546-B246-BB2E69264D19}.Debug|Any CPU.Build.0 = Debug|Any CPU
		{9C479E63-08E0-4546-B246-BB2E69264D19}.Release|Any CPU.ActiveCfg = Release|Any CPU
		{9C479E63-08E0-4546-B246-BB2E69264D19}.Release|Any CPU.Build.0 = Release|Any CPU
		{8BA90BD7-DEA3-4E9D-A7C5-6C3ECBBA90D8}.Debug|Any CPU.ActiveCfg = Debug|Any CPU
		{8BA90BD7-DEA3-4E9D-A7C5-6C3ECBBA90D8}.Debug|Any CPU.Build.0 = Debug|Any CPU
		{8BA90BD7-DEA3-4E9D-A7C5-6C3ECBBA90D8}.Release|Any CPU.ActiveCfg = Release|Any CPU
		{8BA90BD7-DEA3-4E9D-A7C5-6C3ECBBA90D8}.Release|Any CPU.Build.0 = Release|Any CPU
	EndGlobalSection
	GlobalSection(SolutionProperties) = preSolution
		HideSolutionNode = FALSE
	EndGlobalSection
	GlobalSection(NestedProjects) = preSolution
		{62123D9F-D9A6-4BA9-A3A4-5B15E6720E24} = {1DDBC1B1-88EC-4D58-A539-72FBE745E60D}
		{5C94B4F9-20F9-42AD-8623-C79464020DA6} = {16B0F393-674A-4B6C-91CB-CF687FEFAC83}
		{2FD53C97-063E-499A-8FD0-1A22AE26E6FE} = {5C94B4F9-20F9-42AD-8623-C79464020DA6}
		{ED3BCBC2-CD93-4B27-AE07-AF7CFCF00849} = {2FD53C97-063E-499A-8FD0-1A22AE26E6FE}
		{A1386AF1-9D01-4BB7-BC62-3A411BDF2E68} = {16B0F393-674A-4B6C-91CB-CF687FEFAC83}
		{B95D1352-6AB0-4C7A-9326-AF9C132A6F7E} = {A1386AF1-9D01-4BB7-BC62-3A411BDF2E68}
		{5FF68602-DFC8-427C-A5EB-04CE62056075} = {B95D1352-6AB0-4C7A-9326-AF9C132A6F7E}
		{67FA1AA2-A91C-4AC5-A3D5-45EF05642BD2} = {16B0F393-674A-4B6C-91CB-CF687FEFAC83}
		{6DE46F48-FEB6-41B0-A68B-4AF8097FC2D6} = {67FA1AA2-A91C-4AC5-A3D5-45EF05642BD2}
		{6D294687-F4D5-41FE-87A9-A07E7D13AF1D} = {6DE46F48-FEB6-41B0-A68B-4AF8097FC2D6}
		{CD4A5DAF-52E0-41FA-9F6A-D562ACF6BE39} = {16B0F393-674A-4B6C-91CB-CF687FEFAC83}
		{2480479F-22EB-4322-A1A8-782865E9EE65} = {CD4A5DAF-52E0-41FA-9F6A-D562ACF6BE39}
		{6005B868-4E18-4BE2-8F98-703D02A05B23} = {2480479F-22EB-4322-A1A8-782865E9EE65}
		{4DE190CC-4498-4DD4-A7CA-5836BDF20BD4} = {16B0F393-674A-4B6C-91CB-CF687FEFAC83}
		{DE0830DD-B56D-489F-A3ED-23FE6E154BEB} = {4DE190CC-4498-4DD4-A7CA-5836BDF20BD4}
		{F0893C5D-23BE-44A6-8D6F-D14D4EEAB052} = {DE0830DD-B56D-489F-A3ED-23FE6E154BEB}
		{470D9C66-E474-4A3A-8C4F-E0BE329D531D} = {16B0F393-674A-4B6C-91CB-CF687FEFAC83}
		{1DBBA11C-C454-4167-B6D1-617A7C904749} = {470D9C66-E474-4A3A-8C4F-E0BE329D531D}
		{CFDF988E-6488-48D5-8AD7-9C8798025F6D} = {1DBBA11C-C454-4167-B6D1-617A7C904749}
		{AACCFC0E-97B7-4624-9594-D3F16DBFCD11} = {16B0F393-674A-4B6C-91CB-CF687FEFAC83}
		{0854EAFE-7274-42FD-8400-D15A2DA72540} = {AACCFC0E-97B7-4624-9594-D3F16DBFCD11}
		{0E8563B8-224F-4284-B2BE-37E12B8B5CB8} = {0854EAFE-7274-42FD-8400-D15A2DA72540}
		{92C8C3E7-EA08-49B7-A4EE-82BD1755D0CE} = {16B0F393-674A-4B6C-91CB-CF687FEFAC83}
		{95A09275-2023-458F-A1A4-5208512B9E3A} = {92C8C3E7-EA08-49B7-A4EE-82BD1755D0CE}
		{D9F8C920-DCF1-4232-9FBF-D51CB54C4611} = {95A09275-2023-458F-A1A4-5208512B9E3A}
		{E470DD85-DF43-453D-975C-6CA11C200164} = {16B0F393-674A-4B6C-91CB-CF687FEFAC83}
		{156BC47D-2895-4F48-82BB-C9ED1C126DE5} = {E470DD85-DF43-453D-975C-6CA11C200164}
		{8ED358F8-7A5F-4719-9E80-C9B5171D3879} = {156BC47D-2895-4F48-82BB-C9ED1C126DE5}
		{E5FBC06E-80BC-4F04-9CA7-EC9E04C8F269} = {16B0F393-674A-4B6C-91CB-CF687FEFAC83}
		{C7CC3495-FC10-4A73-ACA8-293B9E64C6BA} = {E5FBC06E-80BC-4F04-9CA7-EC9E04C8F269}
		{FC2EDE2D-37B9-4543-8B8D-339C6A9FCCDB} = {C7CC3495-FC10-4A73-ACA8-293B9E64C6BA}
		{47D67F2D-EC23-4510-92B5-936F688F9421} = {16B0F393-674A-4B6C-91CB-CF687FEFAC83}
		{18458C2E-4472-4E59-B0FB-E6129F91D262} = {47D67F2D-EC23-4510-92B5-936F688F9421}
		{4DD81BEF-BDDB-42A7-B739-E8EA034BDF16} = {18458C2E-4472-4E59-B0FB-E6129F91D262}
		{7CD5C0D8-0E30-4DD6-9A24-9DE90F9B828D} = {16B0F393-674A-4B6C-91CB-CF687FEFAC83}
		{B8FEC4E0-AC66-42CE-A3C3-5A4E45246FAB} = {7CD5C0D8-0E30-4DD6-9A24-9DE90F9B828D}
		{E02F93B9-AD15-4E66-A605-C8A0FFFC4A39} = {B8FEC4E0-AC66-42CE-A3C3-5A4E45246FAB}
		{FAF0F7FD-E774-416C-A682-D1414CF4E878} = {16B0F393-674A-4B6C-91CB-CF687FEFAC83}
		{65403983-D11D-4DA1-9542-688F5062BD1C} = {FAF0F7FD-E774-416C-A682-D1414CF4E878}
		{652D99E6-05AB-4D33-B2A2-4711E20FBBB2} = {65403983-D11D-4DA1-9542-688F5062BD1C}
		{E2A029F0-7B7D-4AB5-8C84-92EBDC0D31EA} = {16B0F393-674A-4B6C-91CB-CF687FEFAC83}
		{1895C23B-09D2-40F3-89D6-BA81741C2757} = {E2A029F0-7B7D-4AB5-8C84-92EBDC0D31EA}
		{9C479E63-08E0-4546-B246-BB2E69264D19} = {1895C23B-09D2-40F3-89D6-BA81741C2757}
		{DD0E1F71-FAD9-4B65-9622-607D54954239} = {16B0F393-674A-4B6C-91CB-CF687FEFAC83}
		{53292CAD-62E7-43A7-A607-13A5855F8340} = {DD0E1F71-FAD9-4B65-9622-607D54954239}
		{8BA90BD7-DEA3-4E9D-A7C5-6C3ECBBA90D8} = {53292CAD-62E7-43A7-A607-13A5855F8340}
	EndGlobalSection
	GlobalSection(ExtensibilityGlobals) = postSolution
		SolutionGuid = {DB43C6F2-5491-4648-AD2C-ACEE95415159}
	EndGlobalSection
EndGlobal
