
Microsoft Visual Studio Solution File, Format Version 12.00
# Visual Studio Version 17
VisualStudioVersion = 17.4.33103.184
MinimumVisualStudioVersion = 10.0.40219.1
Project("{2150E333-8FDC-42A3-9474-1A3956D46DE8}") = "Internal", "Internal", "{1DDBC1B1-88EC-4D58-A539-72FBE745E60D}"
EndProject
Project("{2150E333-8FDC-42A3-9474-1A3956D46DE8}") = "Scripts", "Scripts", "{16B0F393-674A-4B6C-91CB-CF687FEFAC83}"
EndProject
Project("{2150E333-8FDC-42A3-9474-1A3956D46DE8}") = "Dlls", "Dlls", "{2DB5898C-1456-4244-BC1E-759428424D9D}"
	ProjectSection(SolutionItems) = preProject
		Dlls\readme.txt = Dlls\readme.txt
	EndProjectSection
EndProject
Project("{2150E333-8FDC-42A3-9474-1A3956D46DE8}") = "Documentation", "Documentation", "{1BCEC9CB-6C72-4AD9-AE5C-8AD7ED65ABDE}"
	ProjectSection(SolutionItems) = preProject
		Documentation\readme.txt = Documentation\readme.txt
	EndProjectSection
EndProject
Project("{2150E333-8FDC-42A3-9474-1A3956D46DE8}") = "Code Analysis", "Code Analysis", "{62123D9F-D9A6-4BA9-A3A4-5B15E6720E24}"
	ProjectSection(SolutionItems) = preProject
		Internal\Code Analysis\qaction-debug.ruleset = Internal\Code Analysis\qaction-debug.ruleset
		Internal\Code Analysis\qaction-release.ruleset = Internal\Code Analysis\qaction-release.ruleset
	EndProjectSection
EndProject
Project("{2150E333-8FDC-42A3-9474-1A3956D46DE8}") = "NimbraVisionBasicCircuitCreation", "NimbraVisionBasicCircuitCreation", "{5C94B4F9-20F9-42AD-8623-C79464020DA6}"
	ProjectSection(SolutionItems) = preProject
		NimbraVisionBasicCircuitCreation.xml = NimbraVisionBasicCircuitCreation.xml
	EndProjectSection
EndProject
Project("{2150E333-8FDC-42A3-9474-1A3956D46DE8}") = "Actions", "Actions", "{2FD53C97-063E-499A-8FD0-1A22AE26E6FE}"
EndProject
Project("{FAE04EC0-301F-11D3-BF4B-00C04F79EFBC}") = "NimbraVisionBasicCircuitCreation", "NimbraVisionScripts_1\NimbraVisionBasicCircuitCreation.csproj", "{ED3BCBC2-CD93-4B27-AE07-AF7CFCF00849}"
EndProject
Project("{2150E333-8FDC-42A3-9474-1A3956D46DE8}") = "NimbraVisionVlanCircuitCreation", "NimbraVisionVlanCircuitCreation", "{A1386AF1-9D01-4BB7-BC62-3A411BDF2E68}"
	ProjectSection(SolutionItems) = preProject
		NimbraVisionVlanCircuitCreation.xml = NimbraVisionVlanCircuitCreation.xml
	EndProjectSection
EndProject
Project("{2150E333-8FDC-42A3-9474-1A3956D46DE8}") = "Actions", "Actions", "{B95D1352-6AB0-4C7A-9326-AF9C132A6F7E}"
EndProject
Project("{FAE04EC0-301F-11D3-BF4B-00C04F79EFBC}") = "NimbraVisionVlanCircuitCreation_1", "NimbraVisionVlanCircuitCreation_1\NimbraVisionVlanCircuitCreation_1.csproj", "{5FF68602-DFC8-427C-A5EB-04CE62056075}"
EndProject
Project("{2150E333-8FDC-42A3-9474-1A3956D46DE8}") = "NimbraVisionJ2000CircuitCreation", "NimbraVisionJ2000CircuitCreation", "{67FA1AA2-A91C-4AC5-A3D5-45EF05642BD2}"
	ProjectSection(SolutionItems) = preProject
		NimbraVisionJ2000CircuitCreation.xml = NimbraVisionJ2000CircuitCreation.xml
	EndProjectSection
EndProject
Project("{2150E333-8FDC-42A3-9474-1A3956D46DE8}") = "Actions", "Actions", "{6DE46F48-FEB6-41B0-A68B-4AF8097FC2D6}"
EndProject
Project("{FAE04EC0-301F-11D3-BF4B-00C04F79EFBC}") = "NimbraVisionJ2000CircuitCreation_1", "NimbraVisionJ2000CircuitCreation_1\NimbraVisionJ2000CircuitCreation_1.csproj", "{6D294687-F4D5-41FE-87A9-A07E7D13AF1D}"
EndProject
Project("{2150E333-8FDC-42A3-9474-1A3956D46DE8}") = "Circuit Creation", "Circuit Creation", "{CD4A5DAF-52E0-41FA-9F6A-D562ACF6BE39}"
	ProjectSection(SolutionItems) = preProject
		Circuit Creation.xml = Circuit Creation.xml
	EndProjectSection
EndProject
Project("{2150E333-8FDC-42A3-9474-1A3956D46DE8}") = "Actions", "Actions", "{2480479F-22EB-4322-A1A8-782865E9EE65}"
EndProject
Project("{FAE04EC0-301F-11D3-BF4B-00C04F79EFBC}") = "Circuit Creation_1", "Circuit Creation_1\Circuit Creation_1.csproj", "{6005B868-4E18-4BE2-8F98-703D02A05B23}"
EndProject
Project("{2150E333-8FDC-42A3-9474-1A3956D46DE8}") = "CircuitDeletion", "CircuitDeletion", "{4DE190CC-4498-4DD4-A7CA-5836BDF20BD4}"
	ProjectSection(SolutionItems) = preProject
		CircuitDeletion.xml = CircuitDeletion.xml
	EndProjectSection
EndProject
Project("{2150E333-8FDC-42A3-9474-1A3956D46DE8}") = "Actions", "Actions", "{DE0830DD-B56D-489F-A3ED-23FE6E154BEB}"
EndProject
Project("{FAE04EC0-301F-11D3-BF4B-00C04F79EFBC}") = "CircuitDeletion_1", "CircuitDeletion_1\CircuitDeletion_1.csproj", "{F0893C5D-23BE-44A6-8D6F-D14D4EEAB052}"
EndProject
Global
	GlobalSection(SolutionConfigurationPlatforms) = preSolution
		Debug|Any CPU = Debug|Any CPU
		Release|Any CPU = Release|Any CPU
	EndGlobalSection
	GlobalSection(ProjectConfigurationPlatforms) = postSolution
		{ED3BCBC2-CD93-4B27-AE07-AF7CFCF00849}.Debug|Any CPU.ActiveCfg = Debug|Any CPU
		{ED3BCBC2-CD93-4B27-AE07-AF7CFCF00849}.Debug|Any CPU.Build.0 = Debug|Any CPU
		{ED3BCBC2-CD93-4B27-AE07-AF7CFCF00849}.Release|Any CPU.ActiveCfg = Release|Any CPU
		{ED3BCBC2-CD93-4B27-AE07-AF7CFCF00849}.Release|Any CPU.Build.0 = Release|Any CPU
		{5FF68602-DFC8-427C-A5EB-04CE62056075}.Debug|Any CPU.ActiveCfg = Debug|Any CPU
		{5FF68602-DFC8-427C-A5EB-04CE62056075}.Debug|Any CPU.Build.0 = Debug|Any CPU
		{5FF68602-DFC8-427C-A5EB-04CE62056075}.Release|Any CPU.ActiveCfg = Release|Any CPU
		{5FF68602-DFC8-427C-A5EB-04CE62056075}.Release|Any CPU.Build.0 = Release|Any CPU
		{6D294687-F4D5-41FE-87A9-A07E7D13AF1D}.Debug|Any CPU.ActiveCfg = Debug|Any CPU
		{6D294687-F4D5-41FE-87A9-A07E7D13AF1D}.Debug|Any CPU.Build.0 = Debug|Any CPU
		{6D294687-F4D5-41FE-87A9-A07E7D13AF1D}.Release|Any CPU.ActiveCfg = Release|Any CPU
		{6D294687-F4D5-41FE-87A9-A07E7D13AF1D}.Release|Any CPU.Build.0 = Release|Any CPU
		{6005B868-4E18-4BE2-8F98-703D02A05B23}.Debug|Any CPU.ActiveCfg = Debug|Any CPU
		{6005B868-4E18-4BE2-8F98-703D02A05B23}.Debug|Any CPU.Build.0 = Debug|Any CPU
		{6005B868-4E18-4BE2-8F98-703D02A05B23}.Release|Any CPU.ActiveCfg = Release|Any CPU
		{6005B868-4E18-4BE2-8F98-703D02A05B23}.Release|Any CPU.Build.0 = Release|Any CPU
		{F0893C5D-23BE-44A6-8D6F-D14D4EEAB052}.Debug|Any CPU.ActiveCfg = Debug|Any CPU
		{F0893C5D-23BE-44A6-8D6F-D14D4EEAB052}.Debug|Any CPU.Build.0 = Debug|Any CPU
		{F0893C5D-23BE-44A6-8D6F-D14D4EEAB052}.Release|Any CPU.ActiveCfg = Release|Any CPU
		{F0893C5D-23BE-44A6-8D6F-D14D4EEAB052}.Release|Any CPU.Build.0 = Release|Any CPU
	EndGlobalSection
	GlobalSection(SolutionProperties) = preSolution
		HideSolutionNode = FALSE
	EndGlobalSection
	GlobalSection(NestedProjects) = preSolution
		{62123D9F-D9A6-4BA9-A3A4-5B15E6720E24} = {1DDBC1B1-88EC-4D58-A539-72FBE745E60D}
		{5C94B4F9-20F9-42AD-8623-C79464020DA6} = {16B0F393-674A-4B6C-91CB-CF687FEFAC83}
		{2FD53C97-063E-499A-8FD0-1A22AE26E6FE} = {5C94B4F9-20F9-42AD-8623-C79464020DA6}
		{ED3BCBC2-CD93-4B27-AE07-AF7CFCF00849} = {2FD53C97-063E-499A-8FD0-1A22AE26E6FE}
		{A1386AF1-9D01-4BB7-BC62-3A411BDF2E68} = {16B0F393-674A-4B6C-91CB-CF687FEFAC83}
		{B95D1352-6AB0-4C7A-9326-AF9C132A6F7E} = {A1386AF1-9D01-4BB7-BC62-3A411BDF2E68}
		{5FF68602-DFC8-427C-A5EB-04CE62056075} = {B95D1352-6AB0-4C7A-9326-AF9C132A6F7E}
		{67FA1AA2-A91C-4AC5-A3D5-45EF05642BD2} = {16B0F393-674A-4B6C-91CB-CF687FEFAC83}
		{6DE46F48-FEB6-41B0-A68B-4AF8097FC2D6} = {67FA1AA2-A91C-4AC5-A3D5-45EF05642BD2}
		{6D294687-F4D5-41FE-87A9-A07E7D13AF1D} = {6DE46F48-FEB6-41B0-A68B-4AF8097FC2D6}
		{CD4A5DAF-52E0-41FA-9F6A-D562ACF6BE39} = {16B0F393-674A-4B6C-91CB-CF687FEFAC83}
		{2480479F-22EB-4322-A1A8-782865E9EE65} = {CD4A5DAF-52E0-41FA-9F6A-D562ACF6BE39}
		{6005B868-4E18-4BE2-8F98-703D02A05B23} = {2480479F-22EB-4322-A1A8-782865E9EE65}
		{4DE190CC-4498-4DD4-A7CA-5836BDF20BD4} = {16B0F393-674A-4B6C-91CB-CF687FEFAC83}
		{DE0830DD-B56D-489F-A3ED-23FE6E154BEB} = {4DE190CC-4498-4DD4-A7CA-5836BDF20BD4}
		{F0893C5D-23BE-44A6-8D6F-D14D4EEAB052} = {DE0830DD-B56D-489F-A3ED-23FE6E154BEB}
	EndGlobalSection
	GlobalSection(ExtensibilityGlobals) = postSolution
		SolutionGuid = {DB43C6F2-5491-4648-AD2C-ACEE95415159}
	EndGlobalSection
EndGlobal
